// !$*UTF8*$!
{
	archiveVersion = 1;
	classes = {
	};
	objectVersion = 48;
	objects = {

/* Begin PBXBuildFile section */
		22857A6F880951FFFA710D29 /* libPods-Focus.a in Frameworks */ = {isa = PBXBuildFile; fileRef = 598D9ED7580851F9F97C8E17 /* libPods-Focus.a */; };
		F5C7B8191F60E0DB0042A10D /* ProgressView.m in Sources */ = {isa = PBXBuildFile; fileRef = F5C7B8181F60E0DB0042A10D /* ProgressView.m */; };
		F5CC99941F604EB200170943 /* AppDelegate.m in Sources */ = {isa = PBXBuildFile; fileRef = F5CC99931F604EB200170943 /* AppDelegate.m */; };
		F5CC99971F604EB200170943 /* ViewController.m in Sources */ = {isa = PBXBuildFile; fileRef = F5CC99961F604EB200170943 /* ViewController.m */; };
		F5CC999A1F604EB200170943 /* Main.storyboard in Resources */ = {isa = PBXBuildFile; fileRef = F5CC99981F604EB200170943 /* Main.storyboard */; };
		F5CC999C1F604EB200170943 /* Assets.xcassets in Resources */ = {isa = PBXBuildFile; fileRef = F5CC999B1F604EB200170943 /* Assets.xcassets */; };
		F5CC999F1F604EB200170943 /* LaunchScreen.storyboard in Resources */ = {isa = PBXBuildFile; fileRef = F5CC999D1F604EB200170943 /* LaunchScreen.storyboard */; };
		F5CC99A21F604EB200170943 /* main.m in Sources */ = {isa = PBXBuildFile; fileRef = F5CC99A11F604EB200170943 /* main.m */; };
/* End PBXBuildFile section */

/* Begin PBXFileReference section */
		06229639D388CAC44B300826 /* Pods-Focus.release.xcconfig */ = {isa = PBXFileReference; includeInIndex = 1; lastKnownFileType = text.xcconfig; name = "Pods-Focus.release.xcconfig"; path = "Pods/Target Support Files/Pods-Focus/Pods-Focus.release.xcconfig"; sourceTree = "<group>"; };
		598D9ED7580851F9F97C8E17 /* libPods-Focus.a */ = {isa = PBXFileReference; explicitFileType = archive.ar; includeInIndex = 0; path = "libPods-Focus.a"; sourceTree = BUILT_PRODUCTS_DIR; };
		845D670ED960957482950CA6 /* Pods-Focus.debug.xcconfig */ = {isa = PBXFileReference; includeInIndex = 1; lastKnownFileType = text.xcconfig; name = "Pods-Focus.debug.xcconfig"; path = "Pods/Target Support Files/Pods-Focus/Pods-Focus.debug.xcconfig"; sourceTree = "<group>"; };
		F5C7B8171F60E0DB0042A10D /* ProgressView.h */ = {isa = PBXFileReference; lastKnownFileType = sourcecode.c.h; path = ProgressView.h; sourceTree = "<group>"; };
		F5C7B8181F60E0DB0042A10D /* ProgressView.m */ = {isa = PBXFileReference; lastKnownFileType = sourcecode.c.objc; path = ProgressView.m; sourceTree = "<group>"; };
		F5C7B81A1F60E52A0042A10D /* Focus.pch */ = {isa = PBXFileReference; lastKnownFileType = sourcecode.c.h; path = Focus.pch; sourceTree = "<group>"; };
		F5CC998F1F604EB200170943 /* Focus.app */ = {isa = PBXFileReference; explicitFileType = wrapper.application; includeInIndex = 0; path = Focus.app; sourceTree = BUILT_PRODUCTS_DIR; };
		F5CC99921F604EB200170943 /* AppDelegate.h */ = {isa = PBXFileReference; lastKnownFileType = sourcecode.c.h; path = AppDelegate.h; sourceTree = "<group>"; };
		F5CC99931F604EB200170943 /* AppDelegate.m */ = {isa = PBXFileReference; lastKnownFileType = sourcecode.c.objc; path = AppDelegate.m; sourceTree = "<group>"; };
		F5CC99951F604EB200170943 /* ViewController.h */ = {isa = PBXFileReference; lastKnownFileType = sourcecode.c.h; path = ViewController.h; sourceTree = "<group>"; };
		F5CC99961F604EB200170943 /* ViewController.m */ = {isa = PBXFileReference; lastKnownFileType = sourcecode.c.objc; path = ViewController.m; sourceTree = "<group>"; };
		F5CC99991F604EB200170943 /* Base */ = {isa = PBXFileReference; lastKnownFileType = file.storyboard; name = Base; path = Base.lproj/Main.storyboard; sourceTree = "<group>"; };
		F5CC999B1F604EB200170943 /* Assets.xcassets */ = {isa = PBXFileReference; lastKnownFileType = folder.assetcatalog; path = Assets.xcassets; sourceTree = "<group>"; };
		F5CC999E1F604EB200170943 /* Base */ = {isa = PBXFileReference; lastKnownFileType = file.storyboard; name = Base; path = Base.lproj/LaunchScreen.storyboard; sourceTree = "<group>"; };
		F5CC99A01F604EB200170943 /* Info.plist */ = {isa = PBXFileReference; lastKnownFileType = text.plist.xml; path = Info.plist; sourceTree = "<group>"; };
		F5CC99A11F604EB200170943 /* main.m */ = {isa = PBXFileReference; lastKnownFileType = sourcecode.c.objc; path = main.m; sourceTree = "<group>"; };
/* End PBXFileReference section */

/* Begin PBXFrameworksBuildPhase section */
		F5CC998C1F604EB200170943 /* Frameworks */ = {
			isa = PBXFrameworksBuildPhase;
			buildActionMask = 2147483647;
			files = (
				22857A6F880951FFFA710D29 /* libPods-Focus.a in Frameworks */,
			);
			runOnlyForDeploymentPostprocessing = 0;
		};
/* End PBXFrameworksBuildPhase section */

/* Begin PBXGroup section */
		2D2C428E1FDBC201AFC99770 /* Frameworks */ = {
			isa = PBXGroup;
			children = (
				598D9ED7580851F9F97C8E17 /* libPods-Focus.a */,
			);
			name = Frameworks;
			sourceTree = "<group>";
		};
		356C770F680D8E65E341DC5A /* Pods */ = {
			isa = PBXGroup;
			children = (
				845D670ED960957482950CA6 /* Pods-Focus.debug.xcconfig */,
				06229639D388CAC44B300826 /* Pods-Focus.release.xcconfig */,
			);
			name = Pods;
			sourceTree = "<group>";
		};
		F5CC99861F604EB200170943 = {
			isa = PBXGroup;
			children = (
				F5CC99911F604EB200170943 /* Focus */,
				F5CC99901F604EB200170943 /* Products */,
				356C770F680D8E65E341DC5A /* Pods */,
				2D2C428E1FDBC201AFC99770 /* Frameworks */,
			);
			sourceTree = "<group>";
		};
		F5CC99901F604EB200170943 /* Products */ = {
			isa = PBXGroup;
			children = (
				F5CC998F1F604EB200170943 /* Focus.app */,
			);
			name = Products;
			sourceTree = "<group>";
		};
		F5CC99911F604EB200170943 /* Focus */ = {
			isa = PBXGroup;
			children = (
				F5CC99921F604EB200170943 /* AppDelegate.h */,
				F5CC99931F604EB200170943 /* AppDelegate.m */,
				F5CC99951F604EB200170943 /* ViewController.h */,
				F5CC99961F604EB200170943 /* ViewController.m */,
				F5C7B8171F60E0DB0042A10D /* ProgressView.h */,
				F5C7B8181F60E0DB0042A10D /* ProgressView.m */,
				F5CC99981F604EB200170943 /* Main.storyboard */,
				F5CC999B1F604EB200170943 /* Assets.xcassets */,
				F5CC999D1F604EB200170943 /* LaunchScreen.storyboard */,
				F5CC99A01F604EB200170943 /* Info.plist */,
				F5CC99A11F604EB200170943 /* main.m */,
				F5C7B81A1F60E52A0042A10D /* Focus.pch */,
			);
			path = Focus;
			sourceTree = "<group>";
		};
/* End PBXGroup section */

/* Begin PBXNativeTarget section */
		F5CC998E1F604EB200170943 /* Focus */ = {
			isa = PBXNativeTarget;
			buildConfigurationList = F5CC99A51F604EB200170943 /* Build configuration list for PBXNativeTarget "Focus" */;
			buildPhases = (
				CC07CD088AB7A4B057E822AB /* [CP] Check Pods Manifest.lock */,
				F5CC998B1F604EB200170943 /* Sources */,
				F5CC998C1F604EB200170943 /* Frameworks */,
				F5CC998D1F604EB200170943 /* Resources */,
				DE3BFA4823B04586B62D54E2 /* [CP] Embed Pods Frameworks */,
				DC944D3C757741A5AEFCEEE1 /* [CP] Copy Pods Resources */,
			);
			buildRules = (
			);
			dependencies = (
			);
			name = Focus;
			productName = Focus;
			productReference = F5CC998F1F604EB200170943 /* Focus.app */;
			productType = "com.apple.product-type.application";
		};
/* End PBXNativeTarget section */

/* Begin PBXProject section */
		F5CC99871F604EB200170943 /* Project object */ = {
			isa = PBXProject;
			attributes = {
				LastUpgradeCheck = 0900;
				ORGANIZATIONNAME = Bartholomew;
				TargetAttributes = {
					F5CC998E1F604EB200170943 = {
						CreatedOnToolsVersion = 9.0;
					};
				};
			};
			buildConfigurationList = F5CC998A1F604EB200170943 /* Build configuration list for PBXProject "Focus" */;
			compatibilityVersion = "Xcode 8.0";
			developmentRegion = en;
			hasScannedForEncodings = 0;
			knownRegions = (
				en,
				Base,
			);
			mainGroup = F5CC99861F604EB200170943;
			productRefGroup = F5CC99901F604EB200170943 /* Products */;
			projectDirPath = "";
			projectRoot = "";
			targets = (
				F5CC998E1F604EB200170943 /* Focus */,
			);
		};
/* End PBXProject section */

/* Begin PBXResourcesBuildPhase section */
		F5CC998D1F604EB200170943 /* Resources */ = {
			isa = PBXResourcesBuildPhase;
			buildActionMask = 2147483647;
			files = (
				F5CC999F1F604EB200170943 /* LaunchScreen.storyboard in Resources */,
				F5CC999C1F604EB200170943 /* Assets.xcassets in Resources */,
				F5CC999A1F604EB200170943 /* Main.storyboard in Resources */,
			);
			runOnlyForDeploymentPostprocessing = 0;
		};
/* End PBXResourcesBuildPhase section */

/* Begin PBXShellScriptBuildPhase section */
		CC07CD088AB7A4B057E822AB /* [CP] Check Pods Manifest.lock */ = {
			isa = PBXShellScriptBuildPhase;
			buildActionMask = 2147483647;
			files = (
			);
			inputPaths = (
				"${PODS_PODFILE_DIR_PATH}/Podfile.lock",
				"${PODS_ROOT}/Manifest.lock",
			);
			name = "[CP] Check Pods Manifest.lock";
			outputPaths = (
				"$(DERIVED_FILE_DIR)/Pods-Focus-checkManifestLockResult.txt",
			);
			runOnlyForDeploymentPostprocessing = 0;
			shellPath = /bin/sh;
			shellScript = "diff \"${PODS_PODFILE_DIR_PATH}/Podfile.lock\" \"${PODS_ROOT}/Manifest.lock\" > /dev/null\nif [ $? != 0 ] ; then\n    # print error to STDERR\n    echo \"error: The sandbox is not in sync with the Podfile.lock. Run 'pod install' or update your CocoaPods installation.\" >&2\n    exit 1\nfi\n# This output is used by Xcode 'outputs' to avoid re-running this script phase.\necho \"SUCCESS\" > \"${SCRIPT_OUTPUT_FILE_0}\"\n";
			showEnvVarsInLog = 0;
		};
		DC944D3C757741A5AEFCEEE1 /* [CP] Copy Pods Resources */ = {
			isa = PBXShellScriptBuildPhase;
			buildActionMask = 2147483647;
			files = (
			);
			inputPaths = (
			);
			name = "[CP] Copy Pods Resources";
			outputPaths = (
			);
			runOnlyForDeploymentPostprocessing = 0;
			shellPath = /bin/sh;
			shellScript = "\"${SRCROOT}/Pods/Target Support Files/Pods-Focus/Pods-Focus-resources.sh\"\n";
			showEnvVarsInLog = 0;
		};
		DE3BFA4823B04586B62D54E2 /* [CP] Embed Pods Frameworks */ = {
			isa = PBXShellScriptBuildPhase;
			buildActionMask = 2147483647;
			files = (
			);
			inputPaths = (
			);
			name = "[CP] Embed Pods Frameworks";
			outputPaths = (
			);
			runOnlyForDeploymentPostprocessing = 0;
			shellPath = /bin/sh;
			shellScript = "\"${SRCROOT}/Pods/Target Support Files/Pods-Focus/Pods-Focus-frameworks.sh\"\n";
			showEnvVarsInLog = 0;
		};
/* End PBXShellScriptBuildPhase section */

/* Begin PBXSourcesBuildPhase section */
		F5CC998B1F604EB200170943 /* Sources */ = {
			isa = PBXSourcesBuildPhase;
			buildActionMask = 2147483647;
			files = (
				F5CC99971F604EB200170943 /* ViewController.m in Sources */,
				F5C7B8191F60E0DB0042A10D /* ProgressView.m in Sources */,
				F5CC99A21F604EB200170943 /* main.m in Sources */,
				F5CC99941F604EB200170943 /* AppDelegate.m in Sources */,
			);
			runOnlyForDeploymentPostprocessing = 0;
		};
/* End PBXSourcesBuildPhase section */

/* Begin PBXVariantGroup section */
		F5CC99981F604EB200170943 /* Main.storyboard */ = {
			isa = PBXVariantGroup;
			children = (
				F5CC99991F604EB200170943 /* Base */,
			);
			name = Main.storyboard;
			sourceTree = "<group>";
		};
		F5CC999D1F604EB200170943 /* LaunchScreen.storyboard */ = {
			isa = PBXVariantGroup;
			children = (
				F5CC999E1F604EB200170943 /* Base */,
			);
			name = LaunchScreen.storyboard;
			sourceTree = "<group>";
		};
/* End PBXVariantGroup section */

/* Begin XCBuildConfiguration section */
		F5CC99A31F604EB200170943 /* Debug */ = {
			isa = XCBuildConfiguration;
			buildSettings = {
				ALWAYS_SEARCH_USER_PATHS = NO;
				CLANG_ANALYZER_NONNULL = YES;
				CLANG_ANALYZER_NUMBER_OBJECT_CONVERSION = YES_AGGRESSIVE;
				CLANG_CXX_LANGUAGE_STANDARD = "gnu++14";
				CLANG_CXX_LIBRARY = "libc++";
				CLANG_ENABLE_MODULES = YES;
				CLANG_ENABLE_OBJC_ARC = YES;
				CLANG_WARN_BLOCK_CAPTURE_AUTORELEASING = YES;
				CLANG_WARN_BOOL_CONVERSION = YES;
				CLANG_WARN_COMMA = YES;
				CLANG_WARN_CONSTANT_CONVERSION = YES;
				CLANG_WARN_DIRECT_OBJC_ISA_USAGE = YES_ERROR;
				CLANG_WARN_DOCUMENTATION_COMMENTS = YES;
				CLANG_WARN_EMPTY_BODY = YES;
				CLANG_WARN_ENUM_CONVERSION = YES;
				CLANG_WARN_INFINITE_RECURSION = YES;
				CLANG_WARN_INT_CONVERSION = YES;
				CLANG_WARN_NON_LITERAL_NULL_CONVERSION = YES;
				CLANG_WARN_OBJC_LITERAL_CONVERSION = YES;
				CLANG_WARN_OBJC_ROOT_CLASS = YES_ERROR;
				CLANG_WARN_RANGE_LOOP_ANALYSIS = YES;
				CLANG_WARN_STRICT_PROTOTYPES = YES;
				CLANG_WARN_SUSPICIOUS_MOVE = YES;
				CLANG_WARN_UNGUARDED_AVAILABILITY = YES_AGGRESSIVE;
				CLANG_WARN_UNREACHABLE_CODE = YES;
				CLANG_WARN__DUPLICATE_METHOD_MATCH = YES;
				CODE_SIGN_IDENTITY = "iPhone Developer";
				COPY_PHASE_STRIP = NO;
				DEBUG_INFORMATION_FORMAT = dwarf;
				ENABLE_STRICT_OBJC_MSGSEND = YES;
				ENABLE_TESTABILITY = YES;
				GCC_C_LANGUAGE_STANDARD = gnu11;
				GCC_DYNAMIC_NO_PIC = NO;
				GCC_NO_COMMON_BLOCKS = YES;
				GCC_OPTIMIZATION_LEVEL = 0;
				GCC_PREPROCESSOR_DEFINITIONS = (
					"DEBUG=1",
					"$(inherited)",
				);
				GCC_WARN_64_TO_32_BIT_CONVERSION = YES;
				GCC_WARN_ABOUT_RETURN_TYPE = YES_ERROR;
				GCC_WARN_UNDECLARED_SELECTOR = YES;
				GCC_WARN_UNINITIALIZED_AUTOS = YES_AGGRESSIVE;
				GCC_WARN_UNUSED_FUNCTION = YES;
				GCC_WARN_UNUSED_VARIABLE = YES;
				IPHONEOS_DEPLOYMENT_TARGET = 11.0;
				MTL_ENABLE_DEBUG_INFO = YES;
				ONLY_ACTIVE_ARCH = YES;
				SDKROOT = iphoneos;
			};
			name = Debug;
		};
		F5CC99A41F604EB200170943 /* Release */ = {
			isa = XCBuildConfiguration;
			buildSettings = {
				ALWAYS_SEARCH_USER_PATHS = NO;
				CLANG_ANALYZER_NONNULL = YES;
				CLANG_ANALYZER_NUMBER_OBJECT_CONVERSION = YES_AGGRESSIVE;
				CLANG_CXX_LANGUAGE_STANDARD = "gnu++14";
				CLANG_CXX_LIBRARY = "libc++";
				CLANG_ENABLE_MODULES = YES;
				CLANG_ENABLE_OBJC_ARC = YES;
				CLANG_WARN_BLOCK_CAPTURE_AUTORELEASING = YES;
				CLANG_WARN_BOOL_CONVERSION = YES;
				CLANG_WARN_COMMA = YES;
				CLANG_WARN_CONSTANT_CONVERSION = YES;
				CLANG_WARN_DIRECT_OBJC_ISA_USAGE = YES_ERROR;
				CLANG_WARN_DOCUMENTATION_COMMENTS = YES;
				CLANG_WARN_EMPTY_BODY = YES;
				CLANG_WARN_ENUM_CONVERSION = YES;
				CLANG_WARN_INFINITE_RECURSION = YES;
				CLANG_WARN_INT_CONVERSION = YES;
				CLANG_WARN_NON_LITERAL_NULL_CONVERSION = YES;
				CLANG_WARN_OBJC_LITERAL_CONVERSION = YES;
				CLANG_WARN_OBJC_ROOT_CLASS = YES_ERROR;
				CLANG_WARN_RANGE_LOOP_ANALYSIS = YES;
				CLANG_WARN_STRICT_PROTOTYPES = YES;
				CLANG_WARN_SUSPICIOUS_MOVE = YES;
				CLANG_WARN_UNGUARDED_AVAILABILITY = YES_AGGRESSIVE;
				CLANG_WARN_UNREACHABLE_CODE = YES;
				CLANG_WARN__DUPLICATE_METHOD_MATCH = YES;
				CODE_SIGN_IDENTITY = "iPhone Developer";
				COPY_PHASE_STRIP = NO;
				DEBUG_INFORMATION_FORMAT = "dwarf-with-dsym";
				ENABLE_NS_ASSERTIONS = NO;
				ENABLE_STRICT_OBJC_MSGSEND = YES;
				GCC_C_LANGUAGE_STANDARD = gnu11;
				GCC_NO_COMMON_BLOCKS = YES;
				GCC_WARN_64_TO_32_BIT_CONVERSION = YES;
				GCC_WARN_ABOUT_RETURN_TYPE = YES_ERROR;
				GCC_WARN_UNDECLARED_SELECTOR = YES;
				GCC_WARN_UNINITIALIZED_AUTOS = YES_AGGRESSIVE;
				GCC_WARN_UNUSED_FUNCTION = YES;
				GCC_WARN_UNUSED_VARIABLE = YES;
				IPHONEOS_DEPLOYMENT_TARGET = 11.0;
				MTL_ENABLE_DEBUG_INFO = NO;
				SDKROOT = iphoneos;
				VALIDATE_PRODUCT = YES;
			};
			name = Release;
		};
		F5CC99A61F604EB200170943 /* Debug */ = {
			isa = XCBuildConfiguration;
			baseConfigurationReference = 845D670ED960957482950CA6 /* Pods-Focus.debug.xcconfig */;
			buildSettings = {
				ASSETCATALOG_COMPILER_APPICON_NAME = AppIcon;
				DEVELOPMENT_TEAM = L66HLEX6WU;
				GCC_PREFIX_HEADER = /Users/zhaoheng/Desktop/coding/oc/Focus/Focus/Focus.pch;
				INFOPLIST_FILE = Focus/Info.plist;
				IPHONEOS_DEPLOYMENT_TARGET = 8.0;
				LD_RUNPATH_SEARCH_PATHS = "$(inherited) @executable_path/Frameworks";
				PRODUCT_BUNDLE_IDENTIFIER = kuma.Focus;
				PRODUCT_NAME = "$(TARGET_NAME)";
				TARGETED_DEVICE_FAMILY = "1,2";
			};
			name = Debug;
		};
		F5CC99A71F604EB200170943 /* Release */ = {
			isa = XCBuildConfiguration;
			baseConfigurationReference = 06229639D388CAC44B300826 /* Pods-Focus.release.xcconfig */;
			buildSettings = {
				ASSETCATALOG_COMPILER_APPICON_NAME = AppIcon;
				DEVELOPMENT_TEAM = L66HLEX6WU;
				GCC_PREFIX_HEADER = /Users/zhaoheng/Desktop/coding/oc/Focus/Focus/Focus.pch;
				INFOPLIST_FILE = Focus/Info.plist;
				IPHONEOS_DEPLOYMENT_TARGET = 8.0;
				LD_RUNPATH_SEARCH_PATHS = "$(inherited) @executable_path/Frameworks";
				PRODUCT_BUNDLE_IDENTIFIER = kuma.Focus;
				PRODUCT_NAME = "$(TARGET_NAME)";
				TARGETED_DEVICE_FAMILY = "1,2";
			};
			name = Release;
		};
/* End XCBuildConfiguration section */

/* Begin XCConfigurationList section */
		F5CC998A1F604EB200170943 /* Build configuration list for PBXProject "Focus" */ = {
			isa = XCConfigurationList;
			buildConfigurations = (
				F5CC99A31F604EB200170943 /* Debug */,
				F5CC99A41F604EB200170943 /* Release */,
			);
			defaultConfigurationIsVisible = 0;
			defaultConfigurationName = Release;
		};
		F5CC99A51F604EB200170943 /* Build configuration list for PBXNativeTarget "Focus" */ = {
			isa = XCConfigurationList;
			buildConfigurations = (
				F5CC99A61F604EB200170943 /* Debug */,
				F5CC99A71F604EB200170943 /* Release */,
			);
			defaultConfigurationIsVisible = 0;
			defaultConfigurationName = Release;
		};
/* End XCConfigurationList section */
	};
	rootObject = F5CC99871F604EB200170943 /* Project object */;
}
